
Microsoft Visual Studio Solution File, Format Version 12.00
# Visual Studio Version 16
VisualStudioVersion = 16.0.29230.47
MinimumVisualStudioVersion = 10.0.40219.1
Project("{FAE04EC0-301F-11D3-BF4B-00C04F79EFBC}") = "DivisaoNumFlut", "DivisaoNumFlut\DivisaoNumFlut.csproj", "{B39C2113-7102-4A6D-B9F4-7380AD7708EB}"
EndProject
Global
	GlobalSection(SolutionConfigurationPlatforms) = preSolution
		Debug|Any CPU = Debug|Any CPU
		Release|Any CPU = Release|Any CPU
	EndGlobalSection
	GlobalSection(ProjectConfigurationPlatforms) = postSolution
		{B39C2113-7102-4A6D-B9F4-7380AD7708EB}.Debug|Any CPU.ActiveCfg = Debug|Any CPU
		{B39C2113-7102-4A6D-B9F4-7380AD7708EB}.Debug|Any CPU.Build.0 = Debug|Any CPU
		{B39C2113-7102-4A6D-B9F4-7380AD7708EB}.Release|Any CPU.ActiveCfg = Release|Any CPU
		{B39C2113-7102-4A6D-B9F4-7380AD7708EB}.Release|Any CPU.Build.0 = Release|Any CPU
	EndGlobalSection
	GlobalSection(SolutionProperties) = preSolution
		HideSolutionNode = FALSE
	EndGlobalSection
	GlobalSection(ExtensibilityGlobals) = postSolution
		SolutionGuid = {4C75D954-0A0E-486F-A60E-90C0BB8B39F5}
	EndGlobalSection
EndGlobal
