
Microsoft Visual Studio Solution File, Format Version 12.00
# Visual Studio Version 16
VisualStudioVersion = 16.0.29215.179
MinimumVisualStudioVersion = 10.0.40219.1
Project("{FAE04EC0-301F-11D3-BF4B-00C04F79EFBC}") = "VolumeCilindro", "VolumeCilindro\VolumeCilindro.csproj", "{62333183-D217-49C4-B4C5-5612B8C5DAEA}"
EndProject
Global
	GlobalSection(SolutionConfigurationPlatforms) = preSolution
		Debug|Any CPU = Debug|Any CPU
		Release|Any CPU = Release|Any CPU
	EndGlobalSection
	GlobalSection(ProjectConfigurationPlatforms) = postSolution
		{62333183-D217-49C4-B4C5-5612B8C5DAEA}.Debug|Any CPU.ActiveCfg = Debug|Any CPU
		{62333183-D217-49C4-B4C5-5612B8C5DAEA}.Debug|Any CPU.Build.0 = Debug|Any CPU
		{62333183-D217-49C4-B4C5-5612B8C5DAEA}.Release|Any CPU.ActiveCfg = Release|Any CPU
		{62333183-D217-49C4-B4C5-5612B8C5DAEA}.Release|Any CPU.Build.0 = Release|Any CPU
	EndGlobalSection
	GlobalSection(SolutionProperties) = preSolution
		HideSolutionNode = FALSE
	EndGlobalSection
	GlobalSection(ExtensibilityGlobals) = postSolution
		SolutionGuid = {A21BA468-0DFE-4DC4-A9CE-21D74C5886DA}
	EndGlobalSection
EndGlobal
