
Microsoft Visual Studio Solution File, Format Version 12.00
# Visual Studio Version 16
VisualStudioVersion = 16.0.29503.13
MinimumVisualStudioVersion = 10.0.40219.1
Project("{FAE04EC0-301F-11D3-BF4B-00C04F79EFBC}") = "WalletControl", "WalletControl.csproj", "{26DC21E6-A579-46F8-BF35-10E73C56477A}"
EndProject
Global
	GlobalSection(SolutionConfigurationPlatforms) = preSolution
		Debug|Any CPU = Debug|Any CPU
		Release|Any CPU = Release|Any CPU
	EndGlobalSection
	GlobalSection(ProjectConfigurationPlatforms) = postSolution
		{26DC21E6-A579-46F8-BF35-10E73C56477A}.Debug|Any CPU.ActiveCfg = Debug|Any CPU
		{26DC21E6-A579-46F8-BF35-10E73C56477A}.Debug|Any CPU.Build.0 = Debug|Any CPU
		{26DC21E6-A579-46F8-BF35-10E73C56477A}.Release|Any CPU.ActiveCfg = Release|Any CPU
		{26DC21E6-A579-46F8-BF35-10E73C56477A}.Release|Any CPU.Build.0 = Release|Any CPU
	EndGlobalSection
	GlobalSection(SolutionProperties) = preSolution
		HideSolutionNode = FALSE
	EndGlobalSection
	GlobalSection(ExtensibilityGlobals) = postSolution
		SolutionGuid = {9203B55C-6EA6-40E9-8D3D-535FC70D59D2}
	EndGlobalSection
EndGlobal
