
Microsoft Visual Studio Solution File, Format Version 12.00
# Visual Studio Version 16
VisualStudioVersion = 16.0.29230.47
MinimumVisualStudioVersion = 10.0.40219.1
Project("{FAE04EC0-301F-11D3-BF4B-00C04F79EFBC}") = "IdadePessoa", "IdadePessoa.csproj", "{F06F2106-21B2-43E1-B8A7-51F81EBB087C}"
EndProject
Global
	GlobalSection(SolutionConfigurationPlatforms) = preSolution
		Debug|Any CPU = Debug|Any CPU
		Release|Any CPU = Release|Any CPU
	EndGlobalSection
	GlobalSection(ProjectConfigurationPlatforms) = postSolution
		{F06F2106-21B2-43E1-B8A7-51F81EBB087C}.Debug|Any CPU.ActiveCfg = Debug|Any CPU
		{F06F2106-21B2-43E1-B8A7-51F81EBB087C}.Debug|Any CPU.Build.0 = Debug|Any CPU
		{F06F2106-21B2-43E1-B8A7-51F81EBB087C}.Release|Any CPU.ActiveCfg = Release|Any CPU
		{F06F2106-21B2-43E1-B8A7-51F81EBB087C}.Release|Any CPU.Build.0 = Release|Any CPU
	EndGlobalSection
	GlobalSection(SolutionProperties) = preSolution
		HideSolutionNode = FALSE
	EndGlobalSection
	GlobalSection(ExtensibilityGlobals) = postSolution
		SolutionGuid = {CC0EF832-0CC2-4976-AE3A-BDE540740905}
	EndGlobalSection
EndGlobal
